%{"bunt": {:hex, :bunt, "0.2.0", "951c6e801e8b1d2cbe58ebbd3e616a869061ddadcc4863d0a2182541acae9a38", [], [], "hexpm"},
  "calendar": {:hex, :calendar, "0.17.4", "22c5e8d98a4db9494396e5727108dffb820ee0d18fed4b0aa8ab76e4f5bc32f1", [], [{:tzdata, "~> 0.5.8 or ~> 0.1.201603", [hex: :tzdata, repo: "hexpm", optional: false]}], "hexpm"},
  "certifi": {:hex, :certifi, "2.0.0", "a0c0e475107135f76b8c1d5bc7efb33cd3815cb3cf3dea7aefdd174dabead064", [], [], "hexpm"},
  "combine": {:hex, :combine, "0.10.0", "eff8224eeb56498a2af13011d142c5e7997a80c8f5b97c499f84c841032e429f", [], [], "hexpm"},
  "credo": {:hex, :credo, "0.8.6", "335f723772d35da499b5ebfdaf6b426bfb73590b6fcbc8908d476b75f8cbca3f", [], [{:bunt, "~> 0.2.0", [hex: :bunt, repo: "hexpm", optional: false]}], "hexpm"},
  "crontab": {:hex, :crontab, "1.0.0", "7192d6f284be82c2a984b323f14a9e3c89eb88dc971a85c72a6f243677c7bc2d", [:mix], [{:ecto, "~> 1.0 or ~> 2.0 or ~> 2.1", [hex: :ecto, repo: "hexpm", optional: true]}, {:timex, "~> 3.0", [hex: :timex, repo: "hexpm", optional: false]}], "hexpm"},
  "extwitter": {:hex, :extwitter, "0.7.3", "0d54031bde6b829484c7336b54fca85a0dc114c9e5b3cceb6c164c9b86fda634", [], [{:poison, "~> 2.0", [hex: :poison, repo: "hexpm", optional: false]}], "hexpm"},
  "gettext": {:hex, :gettext, "0.13.1", "5e0daf4e7636d771c4c71ad5f3f53ba09a9ae5c250e1ab9c42ba9edccc476263", [], [], "hexpm"},
  "hackney": {:hex, :hackney, "1.9.0", "51c506afc0a365868469dcfc79a9d0b94d896ec741cfd5bd338f49a5ec515bfe", [], [{:certifi, "2.0.0", [hex: :certifi, repo: "hexpm", optional: false]}, {:idna, "5.1.0", [hex: :idna, repo: "hexpm", optional: false]}, {:metrics, "1.0.1", [hex: :metrics, repo: "hexpm", optional: false]}, {:mimerl, "1.0.2", [hex: :mimerl, repo: "hexpm", optional: false]}, {:ssl_verify_fun, "1.1.1", [hex: :ssl_verify_fun, repo: "hexpm", optional: false]}], "hexpm"},
  "idna": {:hex, :idna, "5.1.0", "d72b4effeb324ad5da3cab1767cb16b17939004e789d8c0ad5b70f3cea20c89a", [], [{:unicode_util_compat, "0.3.1", [hex: :unicode_util_compat, repo: "hexpm", optional: false]}], "hexpm"},
  "metrics": {:hex, :metrics, "1.0.1", "25f094dea2cda98213cecc3aeff09e940299d950904393b2a29d191c346a8486", [], [], "hexpm"},
  "mimerl": {:hex, :mimerl, "1.0.2", "993f9b0e084083405ed8252b99460c4f0563e41729ab42d9074fd5e52439be88", [], [], "hexpm"},
  "oauth": {:git, "https://github.com/tim/erlang-oauth.git", "bd19896e31125f99ff45bb5850b1c0e74b996743", []},
  "poison": {:hex, :poison, "2.2.0", "4763b69a8a77bd77d26f477d196428b741261a761257ff1cf92753a0d4d24a63", [], [], "hexpm"},
  "quantum": {:hex, :quantum, "1.9.3", "f4d9436c26b289234293d98c06228cbf6ccf663ff3bbdfae5967a4fd8d913f2c", [:mix], [{:calendar, "~> 0.16", [hex: :calendar, repo: "hexpm", optional: false]}, {:crontab, "~> 1.0.0", [hex: :crontab, repo: "hexpm", optional: false]}], "hexpm"},
  "ssl_verify_fun": {:hex, :ssl_verify_fun, "1.1.1", "28a4d65b7f59893bc2c7de786dec1e1555bd742d336043fe644ae956c3497fbe", [], [], "hexpm"},
  "timex": {:hex, :timex, "3.1.24", "d198ae9783ac807721cca0c5535384ebdf99da4976be8cefb9665a9262a1e9e3", [], [{:combine, "~> 0.7", [hex: :combine, repo: "hexpm", optional: false]}, {:gettext, "~> 0.10", [hex: :gettext, repo: "hexpm", optional: false]}, {:tzdata, "~> 0.1.8 or ~> 0.5", [hex: :tzdata, repo: "hexpm", optional: false]}], "hexpm"},
  "tzdata": {:hex, :tzdata, "0.5.12", "1c17b68692c6ba5b6ab15db3d64cc8baa0f182043d5ae9d4b6d35d70af76f67b", [], [{:hackney, "~> 1.0", [hex: :hackney, repo: "hexpm", optional: false]}], "hexpm"},
  "unicode_util_compat": {:hex, :unicode_util_compat, "0.3.1", "a1f612a7b512638634a603c8f401892afbf99b8ce93a45041f8aaca99cadb85e", [], [], "hexpm"}}
